
Microsoft Visual Studio Solution File, Format Version 12.00
# Visual Studio Version 17
VisualStudioVersion = 17.0.31903.59
MinimumVisualStudioVersion = 10.0.40219.1
Project("{FAE04EC0-301F-11D3-BF4B-00C04F79EFBC}") = "StoryMode.GauntletUI", "StoryMode.GauntletUI\StoryMode.GauntletUI.csproj", "{A0ACAF46-D640-45BD-A670-5EE0032444FB}"
EndProject
Project("{FAE04EC0-301F-11D3-BF4B-00C04F79EFBC}") = "StoryMode.ViewModelCollection", "StoryMode.ViewModelCollection\StoryMode.ViewModelCollection.csproj", "{A0ACAF46-D640-45BD-A670-5EE0032444FD}"
EndProject
Project("{FAE04EC0-301F-11D3-BF4B-00C04F79EFBC}") = "StoryMode.View", "StoryMode.View\StoryMode.View.csproj", "{A0ACAF46-D640-45BD-A670-5EE0032444FC}"
EndProject
Project("{FAE04EC0-301F-11D3-BF4B-00C04F79EFBC}") = "StoryMode", "StoryMode\StoryMode.csproj", "{A0ACAF46-D640-45BD-A670-5EE0032444FA}"
EndProject
Global
	GlobalSection(SolutionConfigurationPlatforms) = preSolution
		Debug|Any CPU = Debug|Any CPU
		Debug|Mixed Platforms = Debug|Mixed Platforms
		Debug|x64 = Debug|x64
		Release|Any CPU = Release|Any CPU
		Release|Mixed Platforms = Release|Mixed Platforms
		Release|x64 = Release|x64
	EndGlobalSection
	GlobalSection(ProjectConfigurationPlatforms) = postSolution
		{A0ACAF46-D640-45BD-A670-5EE0032444FB}.Debug|Any CPU.ActiveCfg = Debug|x64
		{A0ACAF46-D640-45BD-A670-5EE0032444FB}.Debug|Any CPU.Build.0 = Debug|x64
		{A0ACAF46-D640-45BD-A670-5EE0032444FB}.Debug|Mixed Platforms.ActiveCfg = Debug|x64
		{A0ACAF46-D640-45BD-A670-5EE0032444FB}.Debug|Mixed Platforms.Build.0 = Debug|x64
		{A0ACAF46-D640-45BD-A670-5EE0032444FB}.Debug|x64.ActiveCfg = Debug|x64
		{A0ACAF46-D640-45BD-A670-5EE0032444FB}.Debug|x64.Build.0 = Debug|x64
		{A0ACAF46-D640-45BD-A670-5EE0032444FB}.Release|Any CPU.ActiveCfg = Release|x64
		{A0ACAF46-D640-45BD-A670-5EE0032444FB}.Release|Any CPU.Build.0 = Release|x64
		{A0ACAF46-D640-45BD-A670-5EE0032444FB}.Release|Mixed Platforms.ActiveCfg = Release|x64
		{A0ACAF46-D640-45BD-A670-5EE0032444FB}.Release|Mixed Platforms.Build.0 = Release|x64
		{A0ACAF46-D640-45BD-A670-5EE0032444FB}.Release|x64.ActiveCfg = Release|x64
		{A0ACAF46-D640-45BD-A670-5EE0032444FB}.Release|x64.Build.0 = Release|x64
		{A0ACAF46-D640-45BD-A670-5EE0032444FD}.Debug|Any CPU.ActiveCfg = Debug|x64
		{A0ACAF46-D640-45BD-A670-5EE0032444FD}.Debug|Any CPU.Build.0 = Debug|x64
		{A0ACAF46-D640-45BD-A670-5EE0032444FD}.Debug|Mixed Platforms.ActiveCfg = Debug|x64
		{A0ACAF46-D640-45BD-A670-5EE0032444FD}.Debug|Mixed Platforms.Build.0 = Debug|x64
		{A0ACAF46-D640-45BD-A670-5EE0032444FD}.Debug|x64.ActiveCfg = Debug|x64
		{A0ACAF46-D640-45BD-A670-5EE0032444FD}.Debug|x64.Build.0 = Debug|x64
		{A0ACAF46-D640-45BD-A670-5EE0032444FD}.Release|Any CPU.ActiveCfg = Release|x64
		{A0ACAF46-D640-45BD-A670-5EE0032444FD}.Release|Any CPU.Build.0 = Release|x64
		{A0ACAF46-D640-45BD-A670-5EE0032444FD}.Release|Mixed Platforms.ActiveCfg = Release|x64
		{A0ACAF46-D640-45BD-A670-5EE0032444FD}.Release|Mixed Platforms.Build.0 = Release|x64
		{A0ACAF46-D640-45BD-A670-5EE0032444FD}.Release|x64.ActiveCfg = Release|x64
		{A0ACAF46-D640-45BD-A670-5EE0032444FD}.Release|x64.Build.0 = Release|x64
		{A0ACAF46-D640-45BD-A670-5EE0032444FC}.Debug|Any CPU.ActiveCfg = Debug|x64
		{A0ACAF46-D640-45BD-A670-5EE0032444FC}.Debug|Any CPU.Build.0 = Debug|x64
		{A0ACAF46-D640-45BD-A670-5EE0032444FC}.Debug|Mixed Platforms.ActiveCfg = Debug|x64
		{A0ACAF46-D640-45BD-A670-5EE0032444FC}.Debug|Mixed Platforms.Build.0 = Debug|x64
		{A0ACAF46-D640-45BD-A670-5EE0032444FC}.Debug|x64.ActiveCfg = Debug|x64
		{A0ACAF46-D640-45BD-A670-5EE0032444FC}.Debug|x64.Build.0 = Debug|x64
		{A0ACAF46-D640-45BD-A670-5EE0032444FC}.Release|Any CPU.ActiveCfg = Release|x64
		{A0ACAF46-D640-45BD-A670-5EE0032444FC}.Release|Any CPU.Build.0 = Release|x64
		{A0ACAF46-D640-45BD-A670-5EE0032444FC}.Release|Mixed Platforms.ActiveCfg = Release|x64
		{A0ACAF46-D640-45BD-A670-5EE0032444FC}.Release|Mixed Platforms.Build.0 = Release|x64
		{A0ACAF46-D640-45BD-A670-5EE0032444FC}.Release|x64.ActiveCfg = Release|x64
		{A0ACAF46-D640-45BD-A670-5EE0032444FC}.Release|x64.Build.0 = Release|x64
		{A0ACAF46-D640-45BD-A670-5EE0032444FA}.Debug|Any CPU.ActiveCfg = Debug|x64
		{A0ACAF46-D640-45BD-A670-5EE0032444FA}.Debug|Any CPU.Build.0 = Debug|x64
		{A0ACAF46-D640-45BD-A670-5EE0032444FA}.Debug|Mixed Platforms.ActiveCfg = Debug|x64
		{A0ACAF46-D640-45BD-A670-5EE0032444FA}.Debug|Mixed Platforms.Build.0 = Debug|x64
		{A0ACAF46-D640-45BD-A670-5EE0032444FA}.Debug|x64.ActiveCfg = Debug|x64
		{A0ACAF46-D640-45BD-A670-5EE0032444FA}.Debug|x64.Build.0 = Debug|x64
		{A0ACAF46-D640-45BD-A670-5EE0032444FA}.Release|Any CPU.ActiveCfg = Release|x64
		{A0ACAF46-D640-45BD-A670-5EE0032444FA}.Release|Any CPU.Build.0 = Release|x64
		{A0ACAF46-D640-45BD-A670-5EE0032444FA}.Release|Mixed Platforms.ActiveCfg = Release|x64
		{A0ACAF46-D640-45BD-A670-5EE0032444FA}.Release|Mixed Platforms.Build.0 = Release|x64
		{A0ACAF46-D640-45BD-A670-5EE0032444FA}.Release|x64.ActiveCfg = Release|x64
		{A0ACAF46-D640-45BD-A670-5EE0032444FA}.Release|x64.Build.0 = Release|x64
	EndGlobalSection
	GlobalSection(SolutionProperties) = preSolution
		HideSolutionNode = FALSE
	EndGlobalSection
EndGlobal
